
Microsoft Visual Studio Solution File, Format Version 12.00
# Visual Studio Version 16
VisualStudioVersion = 16.0.30907.101
MinimumVisualStudioVersion = 10.0.40219.1
Project("{FAE04EC0-301F-11D3-BF4B-00C04F79EFBC}") = "BestFood", "BestFood\BestFood.csproj", "{B596625D-BD18-4504-8702-8300C93F0496}"
EndProject
Global
	GlobalSection(SolutionConfigurationPlatforms) = preSolution
		Debug|Any CPU = Debug|Any CPU
		Release|Any CPU = Release|Any CPU
	EndGlobalSection
	GlobalSection(ProjectConfigurationPlatforms) = postSolution
		{B596625D-BD18-4504-8702-8300C93F0496}.Debug|Any CPU.ActiveCfg = Debug|Any CPU
		{B596625D-BD18-4504-8702-8300C93F0496}.Debug|Any CPU.Build.0 = Debug|Any CPU
		{B596625D-BD18-4504-8702-8300C93F0496}.Release|Any CPU.ActiveCfg = Release|Any CPU
		{B596625D-BD18-4504-8702-8300C93F0496}.Release|Any CPU.Build.0 = Release|Any CPU
	EndGlobalSection
	GlobalSection(SolutionProperties) = preSolution
		HideSolutionNode = FALSE
	EndGlobalSection
	GlobalSection(ExtensibilityGlobals) = postSolution
		SolutionGuid = {E18ED32D-B963-44FD-883F-C9F166B5F7ED}
	EndGlobalSection
EndGlobal
